
Microsoft Visual Studio Solution File, Format Version 12.00
# Visual Studio 15
VisualStudioVersion = 15.0.26430.12
MinimumVisualStudioVersion = 10.0.40219.1
Project("{FAE04EC0-301F-11D3-BF4B-00C04F79EFBC}") = "TeacherMobileApp.Android", "TeacherMobileApp\TeacherMobileApp.Android\TeacherMobileApp.Android.csproj", "{CFFBDBA2-477A-4BA0-AE0B-4C6932BF4123}"
EndProject
Project("{FAE04EC0-301F-11D3-BF4B-00C04F79EFBC}") = "TeacherMobileApp", "TeacherMobileApp\TeacherMobileApp\TeacherMobileApp.csproj", "{1F356A90-429B-4BB5-B101-D2540F96F0A9}"
EndProject
Project("{FAE04EC0-301F-11D3-BF4B-00C04F79EFBC}") = "TeacherMobileApp.UWP", "TeacherMobileApp\TeacherMobileApp.UWP\TeacherMobileApp.UWP.csproj", "{11D3D11F-C37D-43BF-9685-1FBB1E1167BB}"
EndProject
Project("{FAE04EC0-301F-11D3-BF4B-00C04F79EFBC}") = "TeacherMobileApp.iOS", "TeacherMobileApp\TeacherMobileApp.iOS\TeacherMobileApp.iOS.csproj", "{6CDDC207-55AD-4C17-BE12-4770E5AF1065}"
EndProject
Global
	GlobalSection(SolutionConfigurationPlatforms) = preSolution
		Ad-Hoc|Any CPU = Ad-Hoc|Any CPU
		Ad-Hoc|ARM = Ad-Hoc|ARM
		Ad-Hoc|iPhone = Ad-Hoc|iPhone
		Ad-Hoc|iPhoneSimulator = Ad-Hoc|iPhoneSimulator
		Ad-Hoc|x64 = Ad-Hoc|x64
		Ad-Hoc|x86 = Ad-Hoc|x86
		AppStore|Any CPU = AppStore|Any CPU
		AppStore|ARM = AppStore|ARM
		AppStore|iPhone = AppStore|iPhone
		AppStore|iPhoneSimulator = AppStore|iPhoneSimulator
		AppStore|x64 = AppStore|x64
		AppStore|x86 = AppStore|x86
		Debug|Any CPU = Debug|Any CPU
		Debug|ARM = Debug|ARM
		Debug|iPhone = Debug|iPhone
		Debug|iPhoneSimulator = Debug|iPhoneSimulator
		Debug|x64 = Debug|x64
		Debug|x86 = Debug|x86
		Release|Any CPU = Release|Any CPU
		Release|ARM = Release|ARM
		Release|iPhone = Release|iPhone
		Release|iPhoneSimulator = Release|iPhoneSimulator
		Release|x64 = Release|x64
		Release|x86 = Release|x86
	EndGlobalSection
	GlobalSection(ProjectConfigurationPlatforms) = postSolution
		{CFFBDBA2-477A-4BA0-AE0B-4C6932BF4123}.Ad-Hoc|Any CPU.ActiveCfg = Release|Any CPU
		{CFFBDBA2-477A-4BA0-AE0B-4C6932BF4123}.Ad-Hoc|Any CPU.Build.0 = Release|Any CPU
		{CFFBDBA2-477A-4BA0-AE0B-4C6932BF4123}.Ad-Hoc|Any CPU.Deploy.0 = Release|Any CPU
		{CFFBDBA2-477A-4BA0-AE0B-4C6932BF4123}.Ad-Hoc|ARM.ActiveCfg = Release|Any CPU
		{CFFBDBA2-477A-4BA0-AE0B-4C6932BF4123}.Ad-Hoc|ARM.Build.0 = Release|Any CPU
		{CFFBDBA2-477A-4BA0-AE0B-4C6932BF4123}.Ad-Hoc|ARM.Deploy.0 = Release|Any CPU
		{CFFBDBA2-477A-4BA0-AE0B-4C6932BF4123}.Ad-Hoc|iPhone.ActiveCfg = Release|Any CPU
		{CFFBDBA2-477A-4BA0-AE0B-4C6932BF4123}.Ad-Hoc|iPhone.Build.0 = Release|Any CPU
		{CFFBDBA2-477A-4BA0-AE0B-4C6932BF4123}.Ad-Hoc|iPhone.Deploy.0 = Release|Any CPU
		{CFFBDBA2-477A-4BA0-AE0B-4C6932BF4123}.Ad-Hoc|iPhoneSimulator.ActiveCfg = Release|Any CPU
		{CFFBDBA2-477A-4BA0-AE0B-4C6932BF4123}.Ad-Hoc|iPhoneSimulator.Build.0 = Release|Any CPU
		{CFFBDBA2-477A-4BA0-AE0B-4C6932BF4123}.Ad-Hoc|iPhoneSimulator.Deploy.0 = Release|Any CPU
		{CFFBDBA2-477A-4BA0-AE0B-4C6932BF4123}.Ad-Hoc|x64.ActiveCfg = Release|Any CPU
		{CFFBDBA2-477A-4BA0-AE0B-4C6932BF4123}.Ad-Hoc|x64.Build.0 = Release|Any CPU
		{CFFBDBA2-477A-4BA0-AE0B-4C6932BF4123}.Ad-Hoc|x64.Deploy.0 = Release|Any CPU
		{CFFBDBA2-477A-4BA0-AE0B-4C6932BF4123}.Ad-Hoc|x86.ActiveCfg = Release|Any CPU
		{CFFBDBA2-477A-4BA0-AE0B-4C6932BF4123}.Ad-Hoc|x86.Build.0 = Release|Any CPU
		{CFFBDBA2-477A-4BA0-AE0B-4C6932BF4123}.Ad-Hoc|x86.Deploy.0 = Release|Any CPU
		{CFFBDBA2-477A-4BA0-AE0B-4C6932BF4123}.AppStore|Any CPU.ActiveCfg = Release|Any CPU
		{CFFBDBA2-477A-4BA0-AE0B-4C6932BF4123}.AppStore|Any CPU.Build.0 = Release|Any CPU
		{CFFBDBA2-477A-4BA0-AE0B-4C6932BF4123}.AppStore|Any CPU.Deploy.0 = Release|Any CPU
		{CFFBDBA2-477A-4BA0-AE0B-4C6932BF4123}.AppStore|ARM.ActiveCfg = Release|Any CPU
		{CFFBDBA2-477A-4BA0-AE0B-4C6932BF4123}.AppStore|ARM.Build.0 = Release|Any CPU
		{CFFBDBA2-477A-4BA0-AE0B-4C6932BF4123}.AppStore|ARM.Deploy.0 = Release|Any CPU
		{CFFBDBA2-477A-4BA0-AE0B-4C6932BF4123}.AppStore|iPhone.ActiveCfg = Release|Any CPU
		{CFFBDBA2-477A-4BA0-AE0B-4C6932BF4123}.AppStore|iPhone.Build.0 = Release|Any CPU
		{CFFBDBA2-477A-4BA0-AE0B-4C6932BF4123}.AppStore|iPhone.Deploy.0 = Release|Any CPU
		{CFFBDBA2-477A-4BA0-AE0B-4C6932BF4123}.AppStore|iPhoneSimulator.ActiveCfg = Release|Any CPU
		{CFFBDBA2-477A-4BA0-AE0B-4C6932BF4123}.AppStore|iPhoneSimulator.Build.0 = Release|Any CPU
		{CFFBDBA2-477A-4BA0-AE0B-4C6932BF4123}.AppStore|iPhoneSimulator.Deploy.0 = Release|Any CPU
		{CFFBDBA2-477A-4BA0-AE0B-4C6932BF4123}.AppStore|x64.ActiveCfg = Release|Any CPU
		{CFFBDBA2-477A-4BA0-AE0B-4C6932BF4123}.AppStore|x64.Build.0 = Release|Any CPU
		{CFFBDBA2-477A-4BA0-AE0B-4C6932BF4123}.AppStore|x64.Deploy.0 = Release|Any CPU
		{CFFBDBA2-477A-4BA0-AE0B-4C6932BF4123}.AppStore|x86.ActiveCfg = Release|Any CPU
		{CFFBDBA2-477A-4BA0-AE0B-4C6932BF4123}.AppStore|x86.Build.0 = Release|Any CPU
		{CFFBDBA2-477A-4BA0-AE0B-4C6932BF4123}.AppStore|x86.Deploy.0 = Release|Any CPU
		{CFFBDBA2-477A-4BA0-AE0B-4C6932BF4123}.Debug|Any CPU.ActiveCfg = Debug|Any CPU
		{CFFBDBA2-477A-4BA0-AE0B-4C6932BF4123}.Debug|Any CPU.Build.0 = Debug|Any CPU
		{CFFBDBA2-477A-4BA0-AE0B-4C6932BF4123}.Debug|Any CPU.Deploy.0 = Debug|Any CPU
		{CFFBDBA2-477A-4BA0-AE0B-4C6932BF4123}.Debug|ARM.ActiveCfg = Debug|Any CPU
		{CFFBDBA2-477A-4BA0-AE0B-4C6932BF4123}.Debug|ARM.Build.0 = Debug|Any CPU
		{CFFBDBA2-477A-4BA0-AE0B-4C6932BF4123}.Debug|ARM.Deploy.0 = Debug|Any CPU
		{CFFBDBA2-477A-4BA0-AE0B-4C6932BF4123}.Debug|iPhone.ActiveCfg = Debug|Any CPU
		{CFFBDBA2-477A-4BA0-AE0B-4C6932BF4123}.Debug|iPhone.Build.0 = Debug|Any CPU
		{CFFBDBA2-477A-4BA0-AE0B-4C6932BF4123}.Debug|iPhone.Deploy.0 = Debug|Any CPU
		{CFFBDBA2-477A-4BA0-AE0B-4C6932BF4123}.Debug|iPhoneSimulator.ActiveCfg = Debug|Any CPU
		{CFFBDBA2-477A-4BA0-AE0B-4C6932BF4123}.Debug|iPhoneSimulator.Build.0 = Debug|Any CPU
		{CFFBDBA2-477A-4BA0-AE0B-4C6932BF4123}.Debug|iPhoneSimulator.Deploy.0 = Debug|Any CPU
		{CFFBDBA2-477A-4BA0-AE0B-4C6932BF4123}.Debug|x64.ActiveCfg = Debug|Any CPU
		{CFFBDBA2-477A-4BA0-AE0B-4C6932BF4123}.Debug|x64.Build.0 = Debug|Any CPU
		{CFFBDBA2-477A-4BA0-AE0B-4C6932BF4123}.Debug|x64.Deploy.0 = Debug|Any CPU
		{CFFBDBA2-477A-4BA0-AE0B-4C6932BF4123}.Debug|x86.ActiveCfg = Debug|Any CPU
		{CFFBDBA2-477A-4BA0-AE0B-4C6932BF4123}.Debug|x86.Build.0 = Debug|Any CPU
		{CFFBDBA2-477A-4BA0-AE0B-4C6932BF4123}.Debug|x86.Deploy.0 = Debug|Any CPU
		{CFFBDBA2-477A-4BA0-AE0B-4C6932BF4123}.Release|Any CPU.ActiveCfg = Release|Any CPU
		{CFFBDBA2-477A-4BA0-AE0B-4C6932BF4123}.Release|Any CPU.Build.0 = Release|Any CPU
		{CFFBDBA2-477A-4BA0-AE0B-4C6932BF4123}.Release|Any CPU.Deploy.0 = Release|Any CPU
		{CFFBDBA2-477A-4BA0-AE0B-4C6932BF4123}.Release|ARM.ActiveCfg = Release|Any CPU
		{CFFBDBA2-477A-4BA0-AE0B-4C6932BF4123}.Release|ARM.Build.0 = Release|Any CPU
		{CFFBDBA2-477A-4BA0-AE0B-4C6932BF4123}.Release|ARM.Deploy.0 = Release|Any CPU
		{CFFBDBA2-477A-4BA0-AE0B-4C6932BF4123}.Release|iPhone.ActiveCfg = Release|Any CPU
		{CFFBDBA2-477A-4BA0-AE0B-4C6932BF4123}.Release|iPhone.Build.0 = Release|Any CPU
		{CFFBDBA2-477A-4BA0-AE0B-4C6932BF4123}.Release|iPhone.Deploy.0 = Release|Any CPU
		{CFFBDBA2-477A-4BA0-AE0B-4C6932BF4123}.Release|iPhoneSimulator.ActiveCfg = Release|Any CPU
		{CFFBDBA2-477A-4BA0-AE0B-4C6932BF4123}.Release|iPhoneSimulator.Build.0 = Release|Any CPU
		{CFFBDBA2-477A-4BA0-AE0B-4C6932BF4123}.Release|iPhoneSimulator.Deploy.0 = Release|Any CPU
		{CFFBDBA2-477A-4BA0-AE0B-4C6932BF4123}.Release|x64.ActiveCfg = Release|Any CPU
		{CFFBDBA2-477A-4BA0-AE0B-4C6932BF4123}.Release|x64.Build.0 = Release|Any CPU
		{CFFBDBA2-477A-4BA0-AE0B-4C6932BF4123}.Release|x64.Deploy.0 = Release|Any CPU
		{CFFBDBA2-477A-4BA0-AE0B-4C6932BF4123}.Release|x86.ActiveCfg = Release|Any CPU
		{CFFBDBA2-477A-4BA0-AE0B-4C6932BF4123}.Release|x86.Build.0 = Release|Any CPU
		{CFFBDBA2-477A-4BA0-AE0B-4C6932BF4123}.Release|x86.Deploy.0 = Release|Any CPU
		{1F356A90-429B-4BB5-B101-D2540F96F0A9}.Ad-Hoc|Any CPU.ActiveCfg = Release|Any CPU
		{1F356A90-429B-4BB5-B101-D2540F96F0A9}.Ad-Hoc|Any CPU.Build.0 = Release|Any CPU
		{1F356A90-429B-4BB5-B101-D2540F96F0A9}.Ad-Hoc|ARM.ActiveCfg = Release|Any CPU
		{1F356A90-429B-4BB5-B101-D2540F96F0A9}.Ad-Hoc|ARM.Build.0 = Release|Any CPU
		{1F356A90-429B-4BB5-B101-D2540F96F0A9}.Ad-Hoc|iPhone.ActiveCfg = Release|Any CPU
		{1F356A90-429B-4BB5-B101-D2540F96F0A9}.Ad-Hoc|iPhone.Build.0 = Release|Any CPU
		{1F356A90-429B-4BB5-B101-D2540F96F0A9}.Ad-Hoc|iPhoneSimulator.ActiveCfg = Release|Any CPU
		{1F356A90-429B-4BB5-B101-D2540F96F0A9}.Ad-Hoc|iPhoneSimulator.Build.0 = Release|Any CPU
		{1F356A90-429B-4BB5-B101-D2540F96F0A9}.Ad-Hoc|x64.ActiveCfg = Release|Any CPU
		{1F356A90-429B-4BB5-B101-D2540F96F0A9}.Ad-Hoc|x64.Build.0 = Release|Any CPU
		{1F356A90-429B-4BB5-B101-D2540F96F0A9}.Ad-Hoc|x86.ActiveCfg = Release|Any CPU
		{1F356A90-429B-4BB5-B101-D2540F96F0A9}.Ad-Hoc|x86.Build.0 = Release|Any CPU
		{1F356A90-429B-4BB5-B101-D2540F96F0A9}.AppStore|Any CPU.ActiveCfg = Release|Any CPU
		{1F356A90-429B-4BB5-B101-D2540F96F0A9}.AppStore|Any CPU.Build.0 = Release|Any CPU
		{1F356A90-429B-4BB5-B101-D2540F96F0A9}.AppStore|ARM.ActiveCfg = Release|Any CPU
		{1F356A90-429B-4BB5-B101-D2540F96F0A9}.AppStore|ARM.Build.0 = Release|Any CPU
		{1F356A90-429B-4BB5-B101-D2540F96F0A9}.AppStore|iPhone.ActiveCfg = Release|Any CPU
		{1F356A90-429B-4BB5-B101-D2540F96F0A9}.AppStore|iPhone.Build.0 = Release|Any CPU
		{1F356A90-429B-4BB5-B101-D2540F96F0A9}.AppStore|iPhoneSimulator.ActiveCfg = Release|Any CPU
		{1F356A90-429B-4BB5-B101-D2540F96F0A9}.AppStore|iPhoneSimulator.Build.0 = Release|Any CPU
		{1F356A90-429B-4BB5-B101-D2540F96F0A9}.AppStore|x64.ActiveCfg = Release|Any CPU
		{1F356A90-429B-4BB5-B101-D2540F96F0A9}.AppStore|x64.Build.0 = Release|Any CPU
		{1F356A90-429B-4BB5-B101-D2540F96F0A9}.AppStore|x86.ActiveCfg = Release|Any CPU
		{1F356A90-429B-4BB5-B101-D2540F96F0A9}.AppStore|x86.Build.0 = Release|Any CPU
		{1F356A90-429B-4BB5-B101-D2540F96F0A9}.Debug|Any CPU.ActiveCfg = Debug|Any CPU
		{1F356A90-429B-4BB5-B101-D2540F96F0A9}.Debug|Any CPU.Build.0 = Debug|Any CPU
		{1F356A90-429B-4BB5-B101-D2540F96F0A9}.Debug|ARM.ActiveCfg = Debug|Any CPU
		{1F356A90-429B-4BB5-B101-D2540F96F0A9}.Debug|ARM.Build.0 = Debug|Any CPU
		{1F356A90-429B-4BB5-B101-D2540F96F0A9}.Debug|iPhone.ActiveCfg = Debug|Any CPU
		{1F356A90-429B-4BB5-B101-D2540F96F0A9}.Debug|iPhone.Build.0 = Debug|Any CPU
		{1F356A90-429B-4BB5-B101-D2540F96F0A9}.Debug|iPhoneSimulator.ActiveCfg = Debug|Any CPU
		{1F356A90-429B-4BB5-B101-D2540F96F0A9}.Debug|iPhoneSimulator.Build.0 = Debug|Any CPU
		{1F356A90-429B-4BB5-B101-D2540F96F0A9}.Debug|x64.ActiveCfg = Debug|Any CPU
		{1F356A90-429B-4BB5-B101-D2540F96F0A9}.Debug|x64.Build.0 = Debug|Any CPU
		{1F356A90-429B-4BB5-B101-D2540F96F0A9}.Debug|x86.ActiveCfg = Debug|Any CPU
		{1F356A90-429B-4BB5-B101-D2540F96F0A9}.Debug|x86.Build.0 = Debug|Any CPU
		{1F356A90-429B-4BB5-B101-D2540F96F0A9}.Release|Any CPU.ActiveCfg = Release|Any CPU
		{1F356A90-429B-4BB5-B101-D2540F96F0A9}.Release|Any CPU.Build.0 = Release|Any CPU
		{1F356A90-429B-4BB5-B101-D2540F96F0A9}.Release|ARM.ActiveCfg = Release|Any CPU
		{1F356A90-429B-4BB5-B101-D2540F96F0A9}.Release|ARM.Build.0 = Release|Any CPU
		{1F356A90-429B-4BB5-B101-D2540F96F0A9}.Release|iPhone.ActiveCfg = Release|Any CPU
		{1F356A90-429B-4BB5-B101-D2540F96F0A9}.Release|iPhone.Build.0 = Release|Any CPU
		{1F356A90-429B-4BB5-B101-D2540F96F0A9}.Release|iPhoneSimulator.ActiveCfg = Release|Any CPU
		{1F356A90-429B-4BB5-B101-D2540F96F0A9}.Release|iPhoneSimulator.Build.0 = Release|Any CPU
		{1F356A90-429B-4BB5-B101-D2540F96F0A9}.Release|x64.ActiveCfg = Release|Any CPU
		{1F356A90-429B-4BB5-B101-D2540F96F0A9}.Release|x64.Build.0 = Release|Any CPU
		{1F356A90-429B-4BB5-B101-D2540F96F0A9}.Release|x86.ActiveCfg = Release|Any CPU
		{1F356A90-429B-4BB5-B101-D2540F96F0A9}.Release|x86.Build.0 = Release|Any CPU
		{11D3D11F-C37D-43BF-9685-1FBB1E1167BB}.Ad-Hoc|Any CPU.ActiveCfg = Release|x86
		{11D3D11F-C37D-43BF-9685-1FBB1E1167BB}.Ad-Hoc|Any CPU.Build.0 = Release|x86
		{11D3D11F-C37D-43BF-9685-1FBB1E1167BB}.Ad-Hoc|Any CPU.Deploy.0 = Release|x86
		{11D3D11F-C37D-43BF-9685-1FBB1E1167BB}.Ad-Hoc|ARM.ActiveCfg = Release|ARM
		{11D3D11F-C37D-43BF-9685-1FBB1E1167BB}.Ad-Hoc|ARM.Build.0 = Release|ARM
		{11D3D11F-C37D-43BF-9685-1FBB1E1167BB}.Ad-Hoc|ARM.Deploy.0 = Release|ARM
		{11D3D11F-C37D-43BF-9685-1FBB1E1167BB}.Ad-Hoc|iPhone.ActiveCfg = Release|x86
		{11D3D11F-C37D-43BF-9685-1FBB1E1167BB}.Ad-Hoc|iPhone.Build.0 = Release|x86
		{11D3D11F-C37D-43BF-9685-1FBB1E1167BB}.Ad-Hoc|iPhone.Deploy.0 = Release|x86
		{11D3D11F-C37D-43BF-9685-1FBB1E1167BB}.Ad-Hoc|iPhoneSimulator.ActiveCfg = Release|x86
		{11D3D11F-C37D-43BF-9685-1FBB1E1167BB}.Ad-Hoc|iPhoneSimulator.Build.0 = Release|x86
		{11D3D11F-C37D-43BF-9685-1FBB1E1167BB}.Ad-Hoc|iPhoneSimulator.Deploy.0 = Release|x86
		{11D3D11F-C37D-43BF-9685-1FBB1E1167BB}.Ad-Hoc|x64.ActiveCfg = Release|x64
		{11D3D11F-C37D-43BF-9685-1FBB1E1167BB}.Ad-Hoc|x64.Build.0 = Release|x64
		{11D3D11F-C37D-43BF-9685-1FBB1E1167BB}.Ad-Hoc|x64.Deploy.0 = Release|x64
		{11D3D11F-C37D-43BF-9685-1FBB1E1167BB}.Ad-Hoc|x86.ActiveCfg = Release|x86
		{11D3D11F-C37D-43BF-9685-1FBB1E1167BB}.Ad-Hoc|x86.Build.0 = Release|x86
		{11D3D11F-C37D-43BF-9685-1FBB1E1167BB}.Ad-Hoc|x86.Deploy.0 = Release|x86
		{11D3D11F-C37D-43BF-9685-1FBB1E1167BB}.AppStore|Any CPU.ActiveCfg = Release|x86
		{11D3D11F-C37D-43BF-9685-1FBB1E1167BB}.AppStore|Any CPU.Build.0 = Release|x86
		{11D3D11F-C37D-43BF-9685-1FBB1E1167BB}.AppStore|Any CPU.Deploy.0 = Release|x86
		{11D3D11F-C37D-43BF-9685-1FBB1E1167BB}.AppStore|ARM.ActiveCfg = Release|ARM
		{11D3D11F-C37D-43BF-9685-1FBB1E1167BB}.AppStore|ARM.Build.0 = Release|ARM
		{11D3D11F-C37D-43BF-9685-1FBB1E1167BB}.AppStore|ARM.Deploy.0 = Release|ARM
		{11D3D11F-C37D-43BF-9685-1FBB1E1167BB}.AppStore|iPhone.ActiveCfg = Release|x86
		{11D3D11F-C37D-43BF-9685-1FBB1E1167BB}.AppStore|iPhone.Build.0 = Release|x86
		{11D3D11F-C37D-43BF-9685-1FBB1E1167BB}.AppStore|iPhone.Deploy.0 = Release|x86
		{11D3D11F-C37D-43BF-9685-1FBB1E1167BB}.AppStore|iPhoneSimulator.ActiveCfg = Release|x86
		{11D3D11F-C37D-43BF-9685-1FBB1E1167BB}.AppStore|iPhoneSimulator.Build.0 = Release|x86
		{11D3D11F-C37D-43BF-9685-1FBB1E1167BB}.AppStore|iPhoneSimulator.Deploy.0 = Release|x86
		{11D3D11F-C37D-43BF-9685-1FBB1E1167BB}.AppStore|x64.ActiveCfg = Release|x64
		{11D3D11F-C37D-43BF-9685-1FBB1E1167BB}.AppStore|x64.Build.0 = Release|x64
		{11D3D11F-C37D-43BF-9685-1FBB1E1167BB}.AppStore|x64.Deploy.0 = Release|x64
		{11D3D11F-C37D-43BF-9685-1FBB1E1167BB}.AppStore|x86.ActiveCfg = Release|x86
		{11D3D11F-C37D-43BF-9685-1FBB1E1167BB}.AppStore|x86.Build.0 = Release|x86
		{11D3D11F-C37D-43BF-9685-1FBB1E1167BB}.AppStore|x86.Deploy.0 = Release|x86
		{11D3D11F-C37D-43BF-9685-1FBB1E1167BB}.Debug|Any CPU.ActiveCfg = Debug|x86
		{11D3D11F-C37D-43BF-9685-1FBB1E1167BB}.Debug|ARM.ActiveCfg = Debug|ARM
		{11D3D11F-C37D-43BF-9685-1FBB1E1167BB}.Debug|ARM.Build.0 = Debug|ARM
		{11D3D11F-C37D-43BF-9685-1FBB1E1167BB}.Debug|ARM.Deploy.0 = Debug|ARM
		{11D3D11F-C37D-43BF-9685-1FBB1E1167BB}.Debug|iPhone.ActiveCfg = Debug|x86
		{11D3D11F-C37D-43BF-9685-1FBB1E1167BB}.Debug|iPhoneSimulator.ActiveCfg = Debug|x86
		{11D3D11F-C37D-43BF-9685-1FBB1E1167BB}.Debug|x64.ActiveCfg = Debug|x64
		{11D3D11F-C37D-43BF-9685-1FBB1E1167BB}.Debug|x64.Build.0 = Debug|x64
		{11D3D11F-C37D-43BF-9685-1FBB1E1167BB}.Debug|x64.Deploy.0 = Debug|x64
		{11D3D11F-C37D-43BF-9685-1FBB1E1167BB}.Debug|x86.ActiveCfg = Debug|x86
		{11D3D11F-C37D-43BF-9685-1FBB1E1167BB}.Debug|x86.Build.0 = Debug|x86
		{11D3D11F-C37D-43BF-9685-1FBB1E1167BB}.Debug|x86.Deploy.0 = Debug|x86
		{11D3D11F-C37D-43BF-9685-1FBB1E1167BB}.Release|Any CPU.ActiveCfg = Release|x86
		{11D3D11F-C37D-43BF-9685-1FBB1E1167BB}.Release|ARM.ActiveCfg = Release|ARM
		{11D3D11F-C37D-43BF-9685-1FBB1E1167BB}.Release|ARM.Build.0 = Release|ARM
		{11D3D11F-C37D-43BF-9685-1FBB1E1167BB}.Release|ARM.Deploy.0 = Release|ARM
		{11D3D11F-C37D-43BF-9685-1FBB1E1167BB}.Release|iPhone.ActiveCfg = Release|x86
		{11D3D11F-C37D-43BF-9685-1FBB1E1167BB}.Release|iPhoneSimulator.ActiveCfg = Release|x86
		{11D3D11F-C37D-43BF-9685-1FBB1E1167BB}.Release|x64.ActiveCfg = Release|x64
		{11D3D11F-C37D-43BF-9685-1FBB1E1167BB}.Release|x64.Build.0 = Release|x64
		{11D3D11F-C37D-43BF-9685-1FBB1E1167BB}.Release|x64.Deploy.0 = Release|x64
		{11D3D11F-C37D-43BF-9685-1FBB1E1167BB}.Release|x86.ActiveCfg = Release|x86
		{11D3D11F-C37D-43BF-9685-1FBB1E1167BB}.Release|x86.Build.0 = Release|x86
		{11D3D11F-C37D-43BF-9685-1FBB1E1167BB}.Release|x86.Deploy.0 = Release|x86
		{6CDDC207-55AD-4C17-BE12-4770E5AF1065}.Ad-Hoc|Any CPU.ActiveCfg = Ad-Hoc|iPhone
		{6CDDC207-55AD-4C17-BE12-4770E5AF1065}.Ad-Hoc|ARM.ActiveCfg = Ad-Hoc|iPhone
		{6CDDC207-55AD-4C17-BE12-4770E5AF1065}.Ad-Hoc|iPhone.ActiveCfg = Ad-Hoc|iPhone
		{6CDDC207-55AD-4C17-BE12-4770E5AF1065}.Ad-Hoc|iPhone.Build.0 = Ad-Hoc|iPhone
		{6CDDC207-55AD-4C17-BE12-4770E5AF1065}.Ad-Hoc|iPhoneSimulator.ActiveCfg = Ad-Hoc|iPhoneSimulator
		{6CDDC207-55AD-4C17-BE12-4770E5AF1065}.Ad-Hoc|iPhoneSimulator.Build.0 = Ad-Hoc|iPhoneSimulator
		{6CDDC207-55AD-4C17-BE12-4770E5AF1065}.Ad-Hoc|x64.ActiveCfg = Ad-Hoc|iPhone
		{6CDDC207-55AD-4C17-BE12-4770E5AF1065}.Ad-Hoc|x86.ActiveCfg = Ad-Hoc|iPhone
		{6CDDC207-55AD-4C17-BE12-4770E5AF1065}.AppStore|Any CPU.ActiveCfg = AppStore|iPhone
		{6CDDC207-55AD-4C17-BE12-4770E5AF1065}.AppStore|ARM.ActiveCfg = AppStore|iPhone
		{6CDDC207-55AD-4C17-BE12-4770E5AF1065}.AppStore|iPhone.ActiveCfg = AppStore|iPhone
		{6CDDC207-55AD-4C17-BE12-4770E5AF1065}.AppStore|iPhone.Build.0 = AppStore|iPhone
		{6CDDC207-55AD-4C17-BE12-4770E5AF1065}.AppStore|iPhoneSimulator.ActiveCfg = AppStore|iPhoneSimulator
		{6CDDC207-55AD-4C17-BE12-4770E5AF1065}.AppStore|iPhoneSimulator.Build.0 = AppStore|iPhoneSimulator
		{6CDDC207-55AD-4C17-BE12-4770E5AF1065}.AppStore|x64.ActiveCfg = AppStore|iPhone
		{6CDDC207-55AD-4C17-BE12-4770E5AF1065}.AppStore|x86.ActiveCfg = AppStore|iPhone
		{6CDDC207-55AD-4C17-BE12-4770E5AF1065}.Debug|Any CPU.ActiveCfg = Debug|iPhone
		{6CDDC207-55AD-4C17-BE12-4770E5AF1065}.Debug|ARM.ActiveCfg = Debug|iPhone
		{6CDDC207-55AD-4C17-BE12-4770E5AF1065}.Debug|iPhone.ActiveCfg = Debug|iPhone
		{6CDDC207-55AD-4C17-BE12-4770E5AF1065}.Debug|iPhone.Build.0 = Debug|iPhone
		{6CDDC207-55AD-4C17-BE12-4770E5AF1065}.Debug|iPhoneSimulator.ActiveCfg = Debug|iPhoneSimulator
		{6CDDC207-55AD-4C17-BE12-4770E5AF1065}.Debug|iPhoneSimulator.Build.0 = Debug|iPhoneSimulator
		{6CDDC207-55AD-4C17-BE12-4770E5AF1065}.Debug|x64.ActiveCfg = Debug|iPhone
		{6CDDC207-55AD-4C17-BE12-4770E5AF1065}.Debug|x86.ActiveCfg = Debug|iPhone
		{6CDDC207-55AD-4C17-BE12-4770E5AF1065}.Release|Any CPU.ActiveCfg = Release|iPhone
		{6CDDC207-55AD-4C17-BE12-4770E5AF1065}.Release|ARM.ActiveCfg = Release|iPhone
		{6CDDC207-55AD-4C17-BE12-4770E5AF1065}.Release|iPhone.ActiveCfg = Release|iPhone
		{6CDDC207-55AD-4C17-BE12-4770E5AF1065}.Release|iPhone.Build.0 = Release|iPhone
		{6CDDC207-55AD-4C17-BE12-4770E5AF1065}.Release|iPhoneSimulator.ActiveCfg = Release|iPhoneSimulator
		{6CDDC207-55AD-4C17-BE12-4770E5AF1065}.Release|iPhoneSimulator.Build.0 = Release|iPhoneSimulator
		{6CDDC207-55AD-4C17-BE12-4770E5AF1065}.Release|x64.ActiveCfg = Release|iPhone
		{6CDDC207-55AD-4C17-BE12-4770E5AF1065}.Release|x86.ActiveCfg = Release|iPhone
	EndGlobalSection
	GlobalSection(SolutionProperties) = preSolution
		HideSolutionNode = FALSE
	EndGlobalSection
EndGlobal
